// !$*UTF8*$!
{
	archiveVersion = 1;
	classes = {
	};
	objectVersion = 77;
	objects = {

/* Begin PBXBuildFile section */
		1CC33E4F2DF97F490071B135 /* LoginViewModelTests.swift in Sources */ = {isa = PBXBuildFile; fileRef = 1CC33E4E2DF97F490071B135 /* LoginViewModelTests.swift */; };
		1CC33E502DF97F490071B135 /* LoginViewModelTests.swift in Sources */ = {isa = PBXBuildFile; fileRef = 1CC33E4E2DF97F490071B135 /* LoginViewModelTests.swift */; };
/* End PBXBuildFile section */

/* Begin PBXContainerItemProxy section */
		1CC33E322DF97E3A0071B135 /* PBXContainerItemProxy */ = {
			isa = PBXContainerItemProxy;
			containerPortal = 1CC33DF42DF96C460071B135 /* Project object */;
			proxyType = 1;
			remoteGlobalIDString = 1CC33DFB2DF96C460071B135;
			remoteInfo = LoginTestApp;
		};
		1CC33E6A2DF980310071B135 /* PBXContainerItemProxy */ = {
			isa = PBXContainerItemProxy;
			containerPortal = 1CC33DF42DF96C460071B135 /* Project object */;
			proxyType = 1;
			remoteGlobalIDString = 1CC33DFB2DF96C460071B135;
			remoteInfo = LoginTestApp;
		};
/* End PBXContainerItemProxy section */

/* Begin PBXFileReference section */
		1CC33DFC2DF96C460071B135 /* LoginTestApp.app */ = {isa = PBXFileReference; explicitFileType = wrapper.application; includeInIndex = 0; path = LoginTestApp.app; sourceTree = BUILT_PRODUCTS_DIR; };
		1CC33E2E2DF97E3A0071B135 /* LoginTestAppUnitTests.xctest */ = {isa = PBXFileReference; explicitFileType = wrapper.cfbundle; includeInIndex = 0; path = LoginTestAppUnitTests.xctest; sourceTree = BUILT_PRODUCTS_DIR; };
		1CC33E4E2DF97F490071B135 /* LoginViewModelTests.swift */ = {isa = PBXFileReference; lastKnownFileType = sourcecode.swift; path = LoginViewModelTests.swift; sourceTree = "<group>"; };
		1CC33E642DF980310071B135 /* LoginTestAppUITests.xctest */ = {isa = PBXFileReference; explicitFileType = wrapper.cfbundle; includeInIndex = 0; path = LoginTestAppUITests.xctest; sourceTree = BUILT_PRODUCTS_DIR; };
/* End PBXFileReference section */

/* Begin PBXFileSystemSynchronizedBuildFileExceptionSet section */
		1CC33E5F2DF97F910071B135 /* Exceptions for "LoginTestApp" folder in "LoginTestAppUnitTests" target */ = {
			isa = PBXFileSystemSynchronizedBuildFileExceptionSet;
			membershipExceptions = (
				Domain/LoginUseCase.swift,
				Presentation/ViewModel/LoginViewModel.swift,
				Test/Test.swift,
			);
			target = 1CC33E2D2DF97E3A0071B135 /* LoginTestAppUnitTests */;
		};
		1CD5E5EE2DF9811D00B50DBB /* Exceptions for "LoginTestApp" folder in "LoginTestAppUITests" target */ = {
			isa = PBXFileSystemSynchronizedBuildFileExceptionSet;
			membershipExceptions = (
				Presentation/ViewModel/LoginViewModel.swift,
			);
			target = 1CC33E632DF980310071B135 /* LoginTestAppUITests */;
		};
/* End PBXFileSystemSynchronizedBuildFileExceptionSet section */

/* Begin PBXFileSystemSynchronizedRootGroup section */
		1CC33DFE2DF96C460071B135 /* LoginTestApp */ = {
			isa = PBXFileSystemSynchronizedRootGroup;
			exceptions = (
				1CC33E5F2DF97F910071B135 /* Exceptions for "LoginTestApp" folder in "LoginTestAppUnitTests" target */,
				1CD5E5EE2DF9811D00B50DBB /* Exceptions for "LoginTestApp" folder in "LoginTestAppUITests" target */,
			);
			path = LoginTestApp;
			sourceTree = "<group>";
		};
		1CC33E2F2DF97E3A0071B135 /* LoginTestAppUnitTests */ = {
			isa = PBXFileSystemSynchronizedRootGroup;
			path = LoginTestAppUnitTests;
			sourceTree = "<group>";
		};
		1CC33E652DF980310071B135 /* LoginTestAppUITests */ = {
			isa = PBXFileSystemSynchronizedRootGroup;
			path = LoginTestAppUITests;
			sourceTree = "<group>";
		};
/* End PBXFileSystemSynchronizedRootGroup section */

/* Begin PBXFrameworksBuildPhase section */
		1CC33DF92DF96C460071B135 /* Frameworks */ = {
			isa = PBXFrameworksBuildPhase;
			buildActionMask = 2147483647;
			files = (
			);
			runOnlyForDeploymentPostprocessing = 0;
		};
		1CC33E2B2DF97E3A0071B135 /* Frameworks */ = {
			isa = PBXFrameworksBuildPhase;
			buildActionMask = 2147483647;
			files = (
			);
			runOnlyForDeploymentPostprocessing = 0;
		};
		1CC33E612DF980310071B135 /* Frameworks */ = {
			isa = PBXFrameworksBuildPhase;
			buildActionMask = 2147483647;
			files = (
			);
			runOnlyForDeploymentPostprocessing = 0;
		};
/* End PBXFrameworksBuildPhase section */

/* Begin PBXGroup section */
		1CC33DF32DF96C460071B135 = {
			isa = PBXGroup;
			children = (
				1CC33E4E2DF97F490071B135 /* LoginViewModelTests.swift */,
				1CC33DFE2DF96C460071B135 /* LoginTestApp */,
				1CC33E2F2DF97E3A0071B135 /* LoginTestAppUnitTests */,
				1CC33E652DF980310071B135 /* LoginTestAppUITests */,
				1CC33DFD2DF96C460071B135 /* Products */,
			);
			sourceTree = "<group>";
		};
		1CC33DFD2DF96C460071B135 /* Products */ = {
			isa = PBXGroup;
			children = (
				1CC33DFC2DF96C460071B135 /* LoginTestApp.app */,
				1CC33E2E2DF97E3A0071B135 /* LoginTestAppUnitTests.xctest */,
				1CC33E642DF980310071B135 /* LoginTestAppUITests.xctest */,
			);
			name = Products;
			sourceTree = "<group>";
		};
/* End PBXGroup section */

/* Begin PBXNativeTarget section */
		1CC33DFB2DF96C460071B135 /* LoginTestApp */ = {
			isa = PBXNativeTarget;
			buildConfigurationList = 1CC33E082DF96C480071B135 /* Build configuration list for PBXNativeTarget "LoginTestApp" */;
			buildPhases = (
				1CC33DF82DF96C460071B135 /* Sources */,
				1CC33DF92DF96C460071B135 /* Frameworks */,
				1CC33DFA2DF96C460071B135 /* Resources */,
			);
			buildRules = (
			);
			dependencies = (
			);
			fileSystemSynchronizedGroups = (
				1CC33DFE2DF96C460071B135 /* LoginTestApp */,
			);
			name = LoginTestApp;
			packageProductDependencies = (
			);
			productName = LoginTestApp;
			productReference = 1CC33DFC2DF96C460071B135 /* LoginTestApp.app */;
			productType = "com.apple.product-type.application";
		};
		1CC33E2D2DF97E3A0071B135 /* LoginTestAppUnitTests */ = {
			isa = PBXNativeTarget;
			buildConfigurationList = 1CC33E342DF97E3A0071B135 /* Build configuration list for PBXNativeTarget "LoginTestAppUnitTests" */;
			buildPhases = (
				1CC33E2A2DF97E3A0071B135 /* Sources */,
				1CC33E2B2DF97E3A0071B135 /* Frameworks */,
				1CC33E2C2DF97E3A0071B135 /* Resources */,
			);
			buildRules = (
			);
			dependencies = (
				1CC33E332DF97E3A0071B135 /* PBXTargetDependency */,
			);
			fileSystemSynchronizedGroups = (
				1CC33E2F2DF97E3A0071B135 /* LoginTestAppUnitTests */,
			);
			name = LoginTestAppUnitTests;
			packageProductDependencies = (
			);
			productName = LoginTestAppUnitTests;
			productReference = 1CC33E2E2DF97E3A0071B135 /* LoginTestAppUnitTests.xctest */;
			productType = "com.apple.product-type.bundle.unit-test";
		};
		1CC33E632DF980310071B135 /* LoginTestAppUITests */ = {
			isa = PBXNativeTarget;
			buildConfigurationList = 1CC33E6C2DF980310071B135 /* Build configuration list for PBXNativeTarget "LoginTestAppUITests" */;
			buildPhases = (
				1CC33E602DF980310071B135 /* Sources */,
				1CC33E612DF980310071B135 /* Frameworks */,
				1CC33E622DF980310071B135 /* Resources */,
			);
			buildRules = (
			);
			dependencies = (
				1CC33E6B2DF980310071B135 /* PBXTargetDependency */,
			);
			fileSystemSynchronizedGroups = (
				1CC33E652DF980310071B135 /* LoginTestAppUITests */,
			);
			name = LoginTestAppUITests;
			packageProductDependencies = (
			);
			productName = LoginTestAppUITests;
			productReference = 1CC33E642DF980310071B135 /* LoginTestAppUITests.xctest */;
			productType = "com.apple.product-type.bundle.ui-testing";
		};
/* End PBXNativeTarget section */

/* Begin PBXProject section */
		1CC33DF42DF96C460071B135 /* Project object */ = {
			isa = PBXProject;
			attributes = {
				BuildIndependentTargetsInParallel = 1;
				LastSwiftUpdateCheck = 1630;
				LastUpgradeCheck = 1630;
				TargetAttributes = {
					1CC33DFB2DF96C460071B135 = {
						CreatedOnToolsVersion = 16.3;
					};
					1CC33E2D2DF97E3A0071B135 = {
						CreatedOnToolsVersion = 16.3;
						TestTargetID = 1CC33DFB2DF96C460071B135;
					};
					1CC33E632DF980310071B135 = {
						CreatedOnToolsVersion = 16.3;
						TestTargetID = 1CC33DFB2DF96C460071B135;
					};
				};
			};
			buildConfigurationList = 1CC33DF72DF96C460071B135 /* Build configuration list for PBXProject "LoginTestApp" */;
			developmentRegion = en;
			hasScannedForEncodings = 0;
			knownRegions = (
				en,
				Base,
			);
			mainGroup = 1CC33DF32DF96C460071B135;
			minimizedProjectReferenceProxies = 1;
			preferredProjectObjectVersion = 77;
			productRefGroup = 1CC33DFD2DF96C460071B135 /* Products */;
			projectDirPath = "";
			projectRoot = "";
			targets = (
				1CC33DFB2DF96C460071B135 /* LoginTestApp */,
				1CC33E2D2DF97E3A0071B135 /* LoginTestAppUnitTests */,
				1CC33E632DF980310071B135 /* LoginTestAppUITests */,
			);
		};
/* End PBXProject section */

/* Begin PBXResourcesBuildPhase section */
		1CC33DFA2DF96C460071B135 /* Resources */ = {
			isa = PBXResourcesBuildPhase;
			buildActionMask = 2147483647;
			files = (
			);
			runOnlyForDeploymentPostprocessing = 0;
		};
		1CC33E2C2DF97E3A0071B135 /* Resources */ = {
			isa = PBXResourcesBuildPhase;
			buildActionMask = 2147483647;
			files = (
			);
			runOnlyForDeploymentPostprocessing = 0;
		};
		1CC33E622DF980310071B135 /* Resources */ = {
			isa = PBXResourcesBuildPhase;
			buildActionMask = 2147483647;
			files = (
			);
			runOnlyForDeploymentPostprocessing = 0;
		};
/* End PBXResourcesBuildPhase section */

/* Begin PBXSourcesBuildPhase section */
		1CC33DF82DF96C460071B135 /* Sources */ = {
			isa = PBXSourcesBuildPhase;
			buildActionMask = 2147483647;
			files = (
				1CC33E4F2DF97F490071B135 /* LoginViewModelTests.swift in Sources */,
			);
			runOnlyForDeploymentPostprocessing = 0;
		};
		1CC33E2A2DF97E3A0071B135 /* Sources */ = {
			isa = PBXSourcesBuildPhase;
			buildActionMask = 2147483647;
			files = (
				1CC33E502DF97F490071B135 /* LoginViewModelTests.swift in Sources */,
			);
			runOnlyForDeploymentPostprocessing = 0;
		};
		1CC33E602DF980310071B135 /* Sources */ = {
			isa = PBXSourcesBuildPhase;
			buildActionMask = 2147483647;
			files = (
			);
			runOnlyForDeploymentPostprocessing = 0;
		};
/* End PBXSourcesBuildPhase section */

/* Begin PBXTargetDependency section */
		1CC33E332DF97E3A0071B135 /* PBXTargetDependency */ = {
			isa = PBXTargetDependency;
			target = 1CC33DFB2DF96C460071B135 /* LoginTestApp */;
			targetProxy = 1CC33E322DF97E3A0071B135 /* PBXContainerItemProxy */;
		};
		1CC33E6B2DF980310071B135 /* PBXTargetDependency */ = {
			isa = PBXTargetDependency;
			target = 1CC33DFB2DF96C460071B135 /* LoginTestApp */;
			targetProxy = 1CC33E6A2DF980310071B135 /* PBXContainerItemProxy */;
		};
/* End PBXTargetDependency section */

/* Begin XCBuildConfiguration section */
		1CC33E062DF96C480071B135 /* Debug */ = {
			isa = XCBuildConfiguration;
			buildSettings = {
				ALWAYS_SEARCH_USER_PATHS = NO;
				ASSETCATALOG_COMPILER_GENERATE_SWIFT_ASSET_SYMBOL_EXTENSIONS = YES;
				CLANG_ANALYZER_NONNULL = YES;
				CLANG_ANALYZER_NUMBER_OBJECT_CONVERSION = YES_AGGRESSIVE;
				CLANG_CXX_LANGUAGE_STANDARD = "gnu++20";
				CLANG_ENABLE_MODULES = YES;
				CLANG_ENABLE_OBJC_ARC = YES;
				CLANG_ENABLE_OBJC_WEAK = YES;
				CLANG_WARN_BLOCK_CAPTURE_AUTORELEASING = YES;
				CLANG_WARN_BOOL_CONVERSION = YES;
				CLANG_WARN_COMMA = YES;
				CLANG_WARN_CONSTANT_CONVERSION = YES;
				CLANG_WARN_DEPRECATED_OBJC_IMPLEMENTATIONS = YES;
				CLANG_WARN_DIRECT_OBJC_ISA_USAGE = YES_ERROR;
				CLANG_WARN_DOCUMENTATION_COMMENTS = YES;
				CLANG_WARN_EMPTY_BODY = YES;
				CLANG_WARN_ENUM_CONVERSION = YES;
				CLANG_WARN_INFINITE_RECURSION = YES;
				CLANG_WARN_INT_CONVERSION = YES;
				CLANG_WARN_NON_LITERAL_NULL_CONVERSION = YES;
				CLANG_WARN_OBJC_IMPLICIT_RETAIN_SELF = YES;
				CLANG_WARN_OBJC_LITERAL_CONVERSION = YES;
				CLANG_WARN_OBJC_ROOT_CLASS = YES_ERROR;
				CLANG_WARN_QUOTED_INCLUDE_IN_FRAMEWORK_HEADER = YES;
				CLANG_WARN_RANGE_LOOP_ANALYSIS = YES;
				CLANG_WARN_STRICT_PROTOTYPES = YES;
				CLANG_WARN_SUSPICIOUS_MOVE = YES;
				CLANG_WARN_UNGUARDED_AVAILABILITY = YES_AGGRESSIVE;
				CLANG_WARN_UNREACHABLE_CODE = YES;
				CLANG_WARN__DUPLICATE_METHOD_MATCH = YES;
				COPY_PHASE_STRIP = NO;
				DEBUG_INFORMATION_FORMAT = dwarf;
				ENABLE_STRICT_OBJC_MSGSEND = YES;
				ENABLE_TESTABILITY = YES;
				ENABLE_USER_SCRIPT_SANDBOXING = YES;
				GCC_C_LANGUAGE_STANDARD = gnu17;
				GCC_DYNAMIC_NO_PIC = NO;
				GCC_NO_COMMON_BLOCKS = YES;
				GCC_OPTIMIZATION_LEVEL = 0;
				GCC_PREPROCESSOR_DEFINITIONS = (
					"DEBUG=1",
					"$(inherited)",
				);
				GCC_WARN_64_TO_32_BIT_CONVERSION = YES;
				GCC_WARN_ABOUT_RETURN_TYPE = YES_ERROR;
				GCC_WARN_UNDECLARED_SELECTOR = YES;
				GCC_WARN_UNINITIALIZED_AUTOS = YES_AGGRESSIVE;
				GCC_WARN_UNUSED_FUNCTION = YES;
				GCC_WARN_UNUSED_VARIABLE = YES;
				LOCALIZATION_PREFERS_STRING_CATALOGS = YES;
				MTL_ENABLE_DEBUG_INFO = INCLUDE_SOURCE;
				MTL_FAST_MATH = YES;
				ONLY_ACTIVE_ARCH = YES;
				SWIFT_ACTIVE_COMPILATION_CONDITIONS = "DEBUG $(inherited)";
				SWIFT_OPTIMIZATION_LEVEL = "-Onone";
			};
			name = Debug;
		};
		1CC33E072DF96C480071B135 /* Release */ = {
			isa = XCBuildConfiguration;
			buildSettings = {
				ALWAYS_SEARCH_USER_PATHS = NO;
				ASSETCATALOG_COMPILER_GENERATE_SWIFT_ASSET_SYMBOL_EXTENSIONS = YES;
				CLANG_ANALYZER_NONNULL = YES;
				CLANG_ANALYZER_NUMBER_OBJECT_CONVERSION = YES_AGGRESSIVE;
				CLANG_CXX_LANGUAGE_STANDARD = "gnu++20";
				CLANG_ENABLE_MODULES = YES;
				CLANG_ENABLE_OBJC_ARC = YES;
				CLANG_ENABLE_OBJC_WEAK = YES;
				CLANG_WARN_BLOCK_CAPTURE_AUTORELEASING = YES;
				CLANG_WARN_BOOL_CONVERSION = YES;
				CLANG_WARN_COMMA = YES;
				CLANG_WARN_CONSTANT_CONVERSION = YES;
				CLANG_WARN_DEPRECATED_OBJC_IMPLEMENTATIONS = YES;
				CLANG_WARN_DIRECT_OBJC_ISA_USAGE = YES_ERROR;
				CLANG_WARN_DOCUMENTATION_COMMENTS = YES;
				CLANG_WARN_EMPTY_BODY = YES;
				CLANG_WARN_ENUM_CONVERSION = YES;
				CLANG_WARN_INFINITE_RECURSION = YES;
				CLANG_WARN_INT_CONVERSION = YES;
				CLANG_WARN_NON_LITERAL_NULL_CONVERSION = YES;
				CLANG_WARN_OBJC_IMPLICIT_RETAIN_SELF = YES;
				CLANG_WARN_OBJC_LITERAL_CONVERSION = YES;
				CLANG_WARN_OBJC_ROOT_CLASS = YES_ERROR;
				CLANG_WARN_QUOTED_INCLUDE_IN_FRAMEWORK_HEADER = YES;
				CLANG_WARN_RANGE_LOOP_ANALYSIS = YES;
				CLANG_WARN_STRICT_PROTOTYPES = YES;
				CLANG_WARN_SUSPICIOUS_MOVE = YES;
				CLANG_WARN_UNGUARDED_AVAILABILITY = YES_AGGRESSIVE;
				CLANG_WARN_UNREACHABLE_CODE = YES;
				CLANG_WARN__DUPLICATE_METHOD_MATCH = YES;
				COPY_PHASE_STRIP = NO;
				DEBUG_INFORMATION_FORMAT = "dwarf-with-dsym";
				ENABLE_NS_ASSERTIONS = NO;
				ENABLE_STRICT_OBJC_MSGSEND = YES;
				ENABLE_USER_SCRIPT_SANDBOXING = YES;
				GCC_C_LANGUAGE_STANDARD = gnu17;
				GCC_NO_COMMON_BLOCKS = YES;
				GCC_WARN_64_TO_32_BIT_CONVERSION = YES;
				GCC_WARN_ABOUT_RETURN_TYPE = YES_ERROR;
				GCC_WARN_UNDECLARED_SELECTOR = YES;
				GCC_WARN_UNINITIALIZED_AUTOS = YES_AGGRESSIVE;
				GCC_WARN_UNUSED_FUNCTION = YES;
				GCC_WARN_UNUSED_VARIABLE = YES;
				LOCALIZATION_PREFERS_STRING_CATALOGS = YES;
				MTL_ENABLE_DEBUG_INFO = NO;
				MTL_FAST_MATH = YES;
				SWIFT_COMPILATION_MODE = wholemodule;
			};
			name = Release;
		};
		1CC33E092DF96C480071B135 /* Debug */ = {
			isa = XCBuildConfiguration;
			buildSettings = {
				ASSETCATALOG_COMPILER_APPICON_NAME = AppIcon;
				ASSETCATALOG_COMPILER_GLOBAL_ACCENT_COLOR_NAME = AccentColor;
				CODE_SIGN_ENTITLEMENTS = LoginTestApp/LoginTestApp.entitlements;
				CODE_SIGN_STYLE = Automatic;
				CURRENT_PROJECT_VERSION = 1;
				ENABLE_PREVIEWS = YES;
				GENERATE_INFOPLIST_FILE = YES;
				"INFOPLIST_KEY_UIApplicationSceneManifest_Generation[sdk=iphoneos*]" = YES;
				"INFOPLIST_KEY_UIApplicationSceneManifest_Generation[sdk=iphonesimulator*]" = YES;
				"INFOPLIST_KEY_UIApplicationSupportsIndirectInputEvents[sdk=iphoneos*]" = YES;
				"INFOPLIST_KEY_UIApplicationSupportsIndirectInputEvents[sdk=iphonesimulator*]" = YES;
				"INFOPLIST_KEY_UILaunchScreen_Generation[sdk=iphoneos*]" = YES;
				"INFOPLIST_KEY_UILaunchScreen_Generation[sdk=iphonesimulator*]" = YES;
				"INFOPLIST_KEY_UIStatusBarStyle[sdk=iphoneos*]" = UIStatusBarStyleDefault;
				"INFOPLIST_KEY_UIStatusBarStyle[sdk=iphonesimulator*]" = UIStatusBarStyleDefault;
				INFOPLIST_KEY_UISupportedInterfaceOrientations_iPad = "UIInterfaceOrientationPortrait UIInterfaceOrientationPortraitUpsideDown UIInterfaceOrientationLandscapeLeft UIInterfaceOrientationLandscapeRight";
				INFOPLIST_KEY_UISupportedInterfaceOrientations_iPhone = "UIInterfaceOrientationPortrait UIInterfaceOrientationLandscapeLeft UIInterfaceOrientationLandscapeRight";
				IPHONEOS_DEPLOYMENT_TARGET = 18.4;
				LD_RUNPATH_SEARCH_PATHS = "@executable_path/Frameworks";
				"LD_RUNPATH_SEARCH_PATHS[sdk=macosx*]" = "@executable_path/../Frameworks";
				MACOSX_DEPLOYMENT_TARGET = 15.4;
				MARKETING_VERSION = 1.0;
				PRODUCT_BUNDLE_IDENTIFIER = com.maverick.LoginTestApp;
				PRODUCT_NAME = "$(TARGET_NAME)";
				REGISTER_APP_GROUPS = YES;
				SDKROOT = auto;
				SUPPORTED_PLATFORMS = "iphoneos iphonesimulator macosx xros xrsimulator";
				SWIFT_EMIT_LOC_STRINGS = YES;
				SWIFT_VERSION = 5.0;
				TARGETED_DEVICE_FAMILY = "1,2,7";
				XROS_DEPLOYMENT_TARGET = 2.4;
			};
			name = Debug;
		};
		1CC33E0A2DF96C480071B135 /* Release */ = {
			isa = XCBuildConfiguration;
			buildSettings = {
				ASSETCATALOG_COMPILER_APPICON_NAME = AppIcon;
				ASSETCATALOG_COMPILER_GLOBAL_ACCENT_COLOR_NAME = AccentColor;
				CODE_SIGN_ENTITLEMENTS = LoginTestApp/LoginTestApp.entitlements;
				CODE_SIGN_STYLE = Automatic;
				CURRENT_PROJECT_VERSION = 1;
				ENABLE_PREVIEWS = YES;
				GENERATE_INFOPLIST_FILE = YES;
				"INFOPLIST_KEY_UIApplicationSceneManifest_Generation[sdk=iphoneos*]" = YES;
				"INFOPLIST_KEY_UIApplicationSceneManifest_Generation[sdk=iphonesimulator*]" = YES;
				"INFOPLIST_KEY_UIApplicationSupportsIndirectInputEvents[sdk=iphoneos*]" = YES;
				"INFOPLIST_KEY_UIApplicationSupportsIndirectInputEvents[sdk=iphonesimulator*]" = YES;
				"INFOPLIST_KEY_UILaunchScreen_Generation[sdk=iphoneos*]" = YES;
				"INFOPLIST_KEY_UILaunchScreen_Generation[sdk=iphonesimulator*]" = YES;
				"INFOPLIST_KEY_UIStatusBarStyle[sdk=iphoneos*]" = UIStatusBarStyleDefault;
				"INFOPLIST_KEY_UIStatusBarStyle[sdk=iphonesimulator*]" = UIStatusBarStyleDefault;
				INFOPLIST_KEY_UISupportedInterfaceOrientations_iPad = "UIInterfaceOrientationPortrait UIInterfaceOrientationPortraitUpsideDown UIInterfaceOrientationLandscapeLeft UIInterfaceOrientationLandscapeRight";
				INFOPLIST_KEY_UISupportedInterfaceOrientations_iPhone = "UIInterfaceOrientationPortrait UIInterfaceOrientationLandscapeLeft UIInterfaceOrientationLandscapeRight";
				IPHONEOS_DEPLOYMENT_TARGET = 18.4;
				LD_RUNPATH_SEARCH_PATHS = "@executable_path/Frameworks";
				"LD_RUNPATH_SEARCH_PATHS[sdk=macosx*]" = "@executable_path/../Frameworks";
				MACOSX_DEPLOYMENT_TARGET = 15.4;
				MARKETING_VERSION = 1.0;
				PRODUCT_BUNDLE_IDENTIFIER = com.maverick.LoginTestApp;
				PRODUCT_NAME = "$(TARGET_NAME)";
				REGISTER_APP_GROUPS = YES;
				SDKROOT = auto;
				SUPPORTED_PLATFORMS = "iphoneos iphonesimulator macosx xros xrsimulator";
				SWIFT_EMIT_LOC_STRINGS = YES;
				SWIFT_VERSION = 5.0;
				TARGETED_DEVICE_FAMILY = "1,2,7";
				XROS_DEPLOYMENT_TARGET = 2.4;
			};
			name = Release;
		};
		1CC33E352DF97E3A0071B135 /* Debug */ = {
			isa = XCBuildConfiguration;
			buildSettings = {
				BUNDLE_LOADER = "$(TEST_HOST)";
				CODE_SIGN_STYLE = Automatic;
				CURRENT_PROJECT_VERSION = 1;
				GENERATE_INFOPLIST_FILE = YES;
				IPHONEOS_DEPLOYMENT_TARGET = 18.4;
				MARKETING_VERSION = 1.0;
				PRODUCT_BUNDLE_IDENTIFIER = com.maverick.LoginTestAppUnitTests;
				PRODUCT_NAME = "$(TARGET_NAME)";
				SDKROOT = iphoneos;
				SWIFT_EMIT_LOC_STRINGS = NO;
				SWIFT_VERSION = 5.0;
				TARGETED_DEVICE_FAMILY = "1,2";
				TEST_HOST = "$(BUILT_PRODUCTS_DIR)/LoginTestApp.app/$(BUNDLE_EXECUTABLE_FOLDER_PATH)/LoginTestApp";
			};
			name = Debug;
		};
		1CC33E362DF97E3A0071B135 /* Release */ = {
			isa = XCBuildConfiguration;
			buildSettings = {
				BUNDLE_LOADER = "$(TEST_HOST)";
				CODE_SIGN_STYLE = Automatic;
				CURRENT_PROJECT_VERSION = 1;
				GENERATE_INFOPLIST_FILE = YES;
				IPHONEOS_DEPLOYMENT_TARGET = 18.4;
				MARKETING_VERSION = 1.0;
				PRODUCT_BUNDLE_IDENTIFIER = com.maverick.LoginTestAppUnitTests;
				PRODUCT_NAME = "$(TARGET_NAME)";
				SDKROOT = iphoneos;
				SWIFT_EMIT_LOC_STRINGS = NO;
				SWIFT_VERSION = 5.0;
				TARGETED_DEVICE_FAMILY = "1,2";
				TEST_HOST = "$(BUILT_PRODUCTS_DIR)/LoginTestApp.app/$(BUNDLE_EXECUTABLE_FOLDER_PATH)/LoginTestApp";
				VALIDATE_PRODUCT = YES;
			};
			name = Release;
		};
		1CC33E6D2DF980310071B135 /* Debug */ = {
			isa = XCBuildConfiguration;
			buildSettings = {
				CODE_SIGN_STYLE = Automatic;
				CURRENT_PROJECT_VERSION = 1;
				GENERATE_INFOPLIST_FILE = YES;
				IPHONEOS_DEPLOYMENT_TARGET = 18.4;
				MARKETING_VERSION = 1.0;
				PRODUCT_BUNDLE_IDENTIFIER = com.maverick.LoginTestAppUITests;
				PRODUCT_NAME = "$(TARGET_NAME)";
				SDKROOT = iphoneos;
				SWIFT_EMIT_LOC_STRINGS = NO;
				SWIFT_VERSION = 5.0;
				TARGETED_DEVICE_FAMILY = "1,2";
				TEST_TARGET_NAME = LoginTestApp;
			};
			name = Debug;
		};
		1CC33E6E2DF980310071B135 /* Release */ = {
			isa = XCBuildConfiguration;
			buildSettings = {
				CODE_SIGN_STYLE = Automatic;
				CURRENT_PROJECT_VERSION = 1;
				GENERATE_INFOPLIST_FILE = YES;
				IPHONEOS_DEPLOYMENT_TARGET = 18.4;
				MARKETING_VERSION = 1.0;
				PRODUCT_BUNDLE_IDENTIFIER = com.maverick.LoginTestAppUITests;
				PRODUCT_NAME = "$(TARGET_NAME)";
				SDKROOT = iphoneos;
				SWIFT_EMIT_LOC_STRINGS = NO;
				SWIFT_VERSION = 5.0;
				TARGETED_DEVICE_FAMILY = "1,2";
				TEST_TARGET_NAME = LoginTestApp;
				VALIDATE_PRODUCT = YES;
			};
			name = Release;
		};
/* End XCBuildConfiguration section */

/* Begin XCConfigurationList section */
		1CC33DF72DF96C460071B135 /* Build configuration list for PBXProject "LoginTestApp" */ = {
			isa = XCConfigurationList;
			buildConfigurations = (
				1CC33E062DF96C480071B135 /* Debug */,
				1CC33E072DF96C480071B135 /* Release */,
			);
			defaultConfigurationIsVisible = 0;
			defaultConfigurationName = Release;
		};
		1CC33E082DF96C480071B135 /* Build configuration list for PBXNativeTarget "LoginTestApp" */ = {
			isa = XCConfigurationList;
			buildConfigurations = (
				1CC33E092DF96C480071B135 /* Debug */,
				1CC33E0A2DF96C480071B135 /* Release */,
			);
			defaultConfigurationIsVisible = 0;
			defaultConfigurationName = Release;
		};
		1CC33E342DF97E3A0071B135 /* Build configuration list for PBXNativeTarget "LoginTestAppUnitTests" */ = {
			isa = XCConfigurationList;
			buildConfigurations = (
				1CC33E352DF97E3A0071B135 /* Debug */,
				1CC33E362DF97E3A0071B135 /* Release */,
			);
			defaultConfigurationIsVisible = 0;
			defaultConfigurationName = Release;
		};
		1CC33E6C2DF980310071B135 /* Build configuration list for PBXNativeTarget "LoginTestAppUITests" */ = {
			isa = XCConfigurationList;
			buildConfigurations = (
				1CC33E6D2DF980310071B135 /* Debug */,
				1CC33E6E2DF980310071B135 /* Release */,
			);
			defaultConfigurationIsVisible = 0;
			defaultConfigurationName = Release;
		};
/* End XCConfigurationList section */
	};
	rootObject = 1CC33DF42DF96C460071B135 /* Project object */;
}
